
Microsoft Visual Studio Solution File, Format Version 12.00
# Visual Studio Version 17
VisualStudioVersion = 17.14.36414.22 d17.14
MinimumVisualStudioVersion = 10.0.40219.1
Project("{888888A0-9F3D-457C-B088-3A5042F75D52}") = "CHUONG4_BAILAM", "CHUONG4_BAILAM\CHUONG4_BAILAM.pyproj", "{9272A485-A245-41E8-B114-E9019F14CA7E}"
EndProject
Global
	GlobalSection(SolutionConfigurationPlatforms) = preSolution
		Debug|Any CPU = Debug|Any CPU
		Release|Any CPU = Release|Any CPU
	EndGlobalSection
	GlobalSection(ProjectConfigurationPlatforms) = postSolution
		{9272A485-A245-41E8-B114-E9019F14CA7E}.Debug|Any CPU.ActiveCfg = Debug|Any CPU
		{9272A485-A245-41E8-B114-E9019F14CA7E}.Release|Any CPU.ActiveCfg = Release|Any CPU
	EndGlobalSection
	GlobalSection(SolutionProperties) = preSolution
		HideSolutionNode = FALSE
	EndGlobalSection
	GlobalSection(ExtensibilityGlobals) = postSolution
		SolutionGuid = {EAF9F971-760B-4C8E-B90F-BC22A3EF3E86}
	EndGlobalSection
EndGlobal
